
Microsoft Visual Studio Solution File, Format Version 12.00
# Visual Studio Version 16
VisualStudioVersion = 16.0.30517.126
MinimumVisualStudioVersion = 10.0.40219.1
Project("{FAE04EC0-301F-11D3-BF4B-00C04F79EFBC}") = "Employee_wage", "Employee_wage\Employee_wage.csproj", "{1888477F-12DD-4609-A5AE-004BD30B2B1E}"
EndProject
Global
	GlobalSection(SolutionConfigurationPlatforms) = preSolution
		Debug|Any CPU = Debug|Any CPU
		Release|Any CPU = Release|Any CPU
	EndGlobalSection
	GlobalSection(ProjectConfigurationPlatforms) = postSolution
		{1888477F-12DD-4609-A5AE-004BD30B2B1E}.Debug|Any CPU.ActiveCfg = Debug|Any CPU
		{1888477F-12DD-4609-A5AE-004BD30B2B1E}.Debug|Any CPU.Build.0 = Debug|Any CPU
		{1888477F-12DD-4609-A5AE-004BD30B2B1E}.Release|Any CPU.ActiveCfg = Release|Any CPU
		{1888477F-12DD-4609-A5AE-004BD30B2B1E}.Release|Any CPU.Build.0 = Release|Any CPU
	EndGlobalSection
	GlobalSection(SolutionProperties) = preSolution
		HideSolutionNode = FALSE
	EndGlobalSection
	GlobalSection(ExtensibilityGlobals) = postSolution
		SolutionGuid = {2A9EFAB1-7CF3-41BD-B62B-5B1B4163EA53}
	EndGlobalSection
EndGlobal
